// !$*UTF8*$!
{
	archiveVersion = 1;
	classes = {
	};
	objectVersion = 56;
	objects = {

/* Begin PBXBuildFile section */
		687E83D72BD81EF700D686D7 /* ConditionModel.swift in Sources */ = {isa = PBXBuildFile; fileRef = 687E83D62BD81EF700D686D7 /* ConditionModel.swift */; };
		687E83D92BD81F7F00D686D7 /* ConditionViewModel.swift in Sources */ = {isa = PBXBuildFile; fileRef = 687E83D82BD81F7F00D686D7 /* ConditionViewModel.swift */; };
		687E83DB2BD848CA00D686D7 /* ConditionDetailView.swift in Sources */ = {isa = PBXBuildFile; fileRef = 687E83DA2BD848C900D686D7 /* ConditionDetailView.swift */; };
		687E83DF2BD8897F00D686D7 /* MedModel.swift in Sources */ = {isa = PBXBuildFile; fileRef = 687E83DE2BD8897F00D686D7 /* MedModel.swift */; };
		687E83E12BD889D800D686D7 /* MedViewModel.swift in Sources */ = {isa = PBXBuildFile; fileRef = 687E83E02BD889D800D686D7 /* MedViewModel.swift */; };
		687E83E32BD8DD6100D686D7 /* MedDetailView.swift in Sources */ = {isa = PBXBuildFile; fileRef = 687E83E22BD8DD6100D686D7 /* MedDetailView.swift */; };
		687E83E52BD8EE8700D686D7 /* RecordModel.swift in Sources */ = {isa = PBXBuildFile; fileRef = 687E83E42BD8EE8600D686D7 /* RecordModel.swift */; };
		68F2DD382BD59AF00085E03A /* UserModel.swift in Sources */ = {isa = PBXBuildFile; fileRef = 68F2DD372BD59AF00085E03A /* UserModel.swift */; };
		68F2DD3C2BD681C00085E03A /* MakeProfileView.swift in Sources */ = {isa = PBXBuildFile; fileRef = 68F2DD3B2BD681C00085E03A /* MakeProfileView.swift */; };
		68F2DD3E2BD683CA0085E03A /* HomeView.swift in Sources */ = {isa = PBXBuildFile; fileRef = 68F2DD3D2BD683CA0085E03A /* HomeView.swift */; };
		68F2DD402BD6847A0085E03A /* MedsView.swift in Sources */ = {isa = PBXBuildFile; fileRef = 68F2DD3F2BD6847A0085E03A /* MedsView.swift */; };
		68F2DD422BD685550085E03A /* ProfileView.swift in Sources */ = {isa = PBXBuildFile; fileRef = 68F2DD412BD685550085E03A /* ProfileView.swift */; };
		68F2DD452BD69A520085E03A /* AuthViewModel.swift in Sources */ = {isa = PBXBuildFile; fileRef = 68F2DD442BD69A520085E03A /* AuthViewModel.swift */; };
		68F2DD492BD6C64B0085E03A /* UserViewModel.swift in Sources */ = {isa = PBXBuildFile; fileRef = 68F2DD482BD6C64B0085E03A /* UserViewModel.swift */; };
		68FFEA6F2BCE0E2D0082AF59 /* HealthTrackerApp.swift in Sources */ = {isa = PBXBuildFile; fileRef = 68FFEA6E2BCE0E2D0082AF59 /* HealthTrackerApp.swift */; };
		68FFEA712BCE0E2D0082AF59 /* LandingView.swift in Sources */ = {isa = PBXBuildFile; fileRef = 68FFEA702BCE0E2D0082AF59 /* LandingView.swift */; };
		68FFEA732BCE0E300082AF59 /* Assets.xcassets in Resources */ = {isa = PBXBuildFile; fileRef = 68FFEA722BCE0E300082AF59 /* Assets.xcassets */; };
		68FFEA762BCE0E300082AF59 /* Preview Assets.xcassets in Resources */ = {isa = PBXBuildFile; fileRef = 68FFEA752BCE0E300082AF59 /* Preview Assets.xcassets */; };
		68FFEA7D2BCE13860082AF59 /* GoogleService-Info.plist in Resources */ = {isa = PBXBuildFile; fileRef = 68FFEA7C2BCE13860082AF59 /* GoogleService-Info.plist */; };
		68FFEA802BCE15D00082AF59 /* FirebaseAnalytics in Frameworks */ = {isa = PBXBuildFile; productRef = 68FFEA7F2BCE15D00082AF59 /* FirebaseAnalytics */; };
		68FFEA8C2BCE15D00082AF59 /* FirebaseAuth in Frameworks */ = {isa = PBXBuildFile; productRef = 68FFEA8B2BCE15D00082AF59 /* FirebaseAuth */; };
		68FFEA8E2BCE15D00082AF59 /* FirebaseAuthCombine-Community in Frameworks */ = {isa = PBXBuildFile; productRef = 68FFEA8D2BCE15D00082AF59 /* FirebaseAuthCombine-Community */; };
		68FFEA982BCE15D00082AF59 /* FirebaseFirestore in Frameworks */ = {isa = PBXBuildFile; productRef = 68FFEA972BCE15D00082AF59 /* FirebaseFirestore */; };
		68FFEA9C2BCE15D00082AF59 /* FirebaseFirestoreSwift in Frameworks */ = {isa = PBXBuildFile; productRef = 68FFEA9B2BCE15D00082AF59 /* FirebaseFirestoreSwift */; };
		68FFEAB72BCE3FE00082AF59 /* SignupView.swift in Sources */ = {isa = PBXBuildFile; fileRef = 68FFEAB62BCE3FE00082AF59 /* SignupView.swift */; };
		68FFEAB92BCE40CA0082AF59 /* LoginView.swift in Sources */ = {isa = PBXBuildFile; fileRef = 68FFEAB82BCE40CA0082AF59 /* LoginView.swift */; };
		68FFEAC02BCEBD7A0082AF59 /* ConditionsView.swift in Sources */ = {isa = PBXBuildFile; fileRef = 68FFEABF2BCEBD7A0082AF59 /* ConditionsView.swift */; };
/* End PBXBuildFile section */

/* Begin PBXFileReference section */
		682A18C12BDB1E850019C7F4 /* HealthTracker.entitlements */ = {isa = PBXFileReference; lastKnownFileType = text.plist.entitlements; path = HealthTracker.entitlements; sourceTree = "<group>"; };
		687E83D62BD81EF700D686D7 /* ConditionModel.swift */ = {isa = PBXFileReference; lastKnownFileType = sourcecode.swift; path = ConditionModel.swift; sourceTree = "<group>"; };
		687E83D82BD81F7F00D686D7 /* ConditionViewModel.swift */ = {isa = PBXFileReference; lastKnownFileType = sourcecode.swift; path = ConditionViewModel.swift; sourceTree = "<group>"; };
		687E83DA2BD848C900D686D7 /* ConditionDetailView.swift */ = {isa = PBXFileReference; lastKnownFileType = sourcecode.swift; path = ConditionDetailView.swift; sourceTree = "<group>"; };
		687E83DE2BD8897F00D686D7 /* MedModel.swift */ = {isa = PBXFileReference; lastKnownFileType = sourcecode.swift; path = MedModel.swift; sourceTree = "<group>"; };
		687E83E02BD889D800D686D7 /* MedViewModel.swift */ = {isa = PBXFileReference; lastKnownFileType = sourcecode.swift; path = MedViewModel.swift; sourceTree = "<group>"; };
		687E83E22BD8DD6100D686D7 /* MedDetailView.swift */ = {isa = PBXFileReference; lastKnownFileType = sourcecode.swift; path = MedDetailView.swift; sourceTree = "<group>"; };
		687E83E42BD8EE8600D686D7 /* RecordModel.swift */ = {isa = PBXFileReference; lastKnownFileType = sourcecode.swift; path = RecordModel.swift; sourceTree = "<group>"; };
		68F2DD372BD59AF00085E03A /* UserModel.swift */ = {isa = PBXFileReference; lastKnownFileType = sourcecode.swift; path = UserModel.swift; sourceTree = "<group>"; };
		68F2DD3B2BD681C00085E03A /* MakeProfileView.swift */ = {isa = PBXFileReference; lastKnownFileType = sourcecode.swift; path = MakeProfileView.swift; sourceTree = "<group>"; };
		68F2DD3D2BD683CA0085E03A /* HomeView.swift */ = {isa = PBXFileReference; lastKnownFileType = sourcecode.swift; path = HomeView.swift; sourceTree = "<group>"; };
		68F2DD3F2BD6847A0085E03A /* MedsView.swift */ = {isa = PBXFileReference; lastKnownFileType = sourcecode.swift; path = MedsView.swift; sourceTree = "<group>"; };
		68F2DD412BD685550085E03A /* ProfileView.swift */ = {isa = PBXFileReference; lastKnownFileType = sourcecode.swift; path = ProfileView.swift; sourceTree = "<group>"; };
		68F2DD442BD69A520085E03A /* AuthViewModel.swift */ = {isa = PBXFileReference; lastKnownFileType = sourcecode.swift; path = AuthViewModel.swift; sourceTree = "<group>"; };
		68F2DD482BD6C64B0085E03A /* UserViewModel.swift */ = {isa = PBXFileReference; lastKnownFileType = sourcecode.swift; path = UserViewModel.swift; sourceTree = "<group>"; };
		68FFEA6B2BCE0E2D0082AF59 /* HealthTracker.app */ = {isa = PBXFileReference; explicitFileType = wrapper.application; includeInIndex = 0; path = HealthTracker.app; sourceTree = BUILT_PRODUCTS_DIR; };
		68FFEA6E2BCE0E2D0082AF59 /* HealthTrackerApp.swift */ = {isa = PBXFileReference; lastKnownFileType = sourcecode.swift; path = HealthTrackerApp.swift; sourceTree = "<group>"; };
		68FFEA702BCE0E2D0082AF59 /* LandingView.swift */ = {isa = PBXFileReference; lastKnownFileType = sourcecode.swift; path = LandingView.swift; sourceTree = "<group>"; };
		68FFEA722BCE0E300082AF59 /* Assets.xcassets */ = {isa = PBXFileReference; lastKnownFileType = folder.assetcatalog; path = Assets.xcassets; sourceTree = "<group>"; };
		68FFEA752BCE0E300082AF59 /* Preview Assets.xcassets */ = {isa = PBXFileReference; lastKnownFileType = folder.assetcatalog; path = "Preview Assets.xcassets"; sourceTree = "<group>"; };
		68FFEA7C2BCE13860082AF59 /* GoogleService-Info.plist */ = {isa = PBXFileReference; fileEncoding = 4; lastKnownFileType = text.plist.xml; path = "GoogleService-Info.plist"; sourceTree = "<group>"; };
		68FFEAB62BCE3FE00082AF59 /* SignupView.swift */ = {isa = PBXFileReference; lastKnownFileType = sourcecode.swift; path = SignupView.swift; sourceTree = "<group>"; };
		68FFEAB82BCE40CA0082AF59 /* LoginView.swift */ = {isa = PBXFileReference; lastKnownFileType = sourcecode.swift; path = LoginView.swift; sourceTree = "<group>"; };
		68FFEABF2BCEBD7A0082AF59 /* ConditionsView.swift */ = {isa = PBXFileReference; lastKnownFileType = sourcecode.swift; path = ConditionsView.swift; sourceTree = "<group>"; };
/* End PBXFileReference section */

/* Begin PBXFrameworksBuildPhase section */
		68FFEA682BCE0E2D0082AF59 /* Frameworks */ = {
			isa = PBXFrameworksBuildPhase;
			buildActionMask = 2147483647;
			files = (
				68FFEA982BCE15D00082AF59 /* FirebaseFirestore in Frameworks */,
				68FFEA802BCE15D00082AF59 /* FirebaseAnalytics in Frameworks */,
				68FFEA9C2BCE15D00082AF59 /* FirebaseFirestoreSwift in Frameworks */,
				68FFEA8C2BCE15D00082AF59 /* FirebaseAuth in Frameworks */,
				68FFEA8E2BCE15D00082AF59 /* FirebaseAuthCombine-Community in Frameworks */,
			);
			runOnlyForDeploymentPostprocessing = 0;
		};
/* End PBXFrameworksBuildPhase section */

/* Begin PBXGroup section */
		68FFEA622BCE0E2D0082AF59 = {
			isa = PBXGroup;
			children = (
				68FFEA6D2BCE0E2D0082AF59 /* HealthTracker */,
				68FFEA6C2BCE0E2D0082AF59 /* Products */,
			);
			sourceTree = "<group>";
		};
		68FFEA6C2BCE0E2D0082AF59 /* Products */ = {
			isa = PBXGroup;
			children = (
				68FFEA6B2BCE0E2D0082AF59 /* HealthTracker.app */,
			);
			name = Products;
			sourceTree = "<group>";
		};
		68FFEA6D2BCE0E2D0082AF59 /* HealthTracker */ = {
			isa = PBXGroup;
			children = (
				682A18C12BDB1E850019C7F4 /* HealthTracker.entitlements */,
				68FFEA6E2BCE0E2D0082AF59 /* HealthTrackerApp.swift */,
				68FFEAC12BCF3B6F0082AF59 /* Models */,
				68FFEAB52BCE3FAB0082AF59 /* Views */,
				68FFEABC2BCE48E60082AF59 /* ViewModels */,
				68FFEA7C2BCE13860082AF59 /* GoogleService-Info.plist */,
				68FFEA722BCE0E300082AF59 /* Assets.xcassets */,
				68FFEA742BCE0E300082AF59 /* Preview Content */,
			);
			path = HealthTracker;
			sourceTree = "<group>";
		};
		68FFEA742BCE0E300082AF59 /* Preview Content */ = {
			isa = PBXGroup;
			children = (
				68FFEA752BCE0E300082AF59 /* Preview Assets.xcassets */,
			);
			path = "Preview Content";
			sourceTree = "<group>";
		};
		68FFEAB52BCE3FAB0082AF59 /* Views */ = {
			isa = PBXGroup;
			children = (
				68FFEA702BCE0E2D0082AF59 /* LandingView.swift */,
				68FFEAB62BCE3FE00082AF59 /* SignupView.swift */,
				68FFEAB82BCE40CA0082AF59 /* LoginView.swift */,
				68FFEABF2BCEBD7A0082AF59 /* ConditionsView.swift */,
				68F2DD3B2BD681C00085E03A /* MakeProfileView.swift */,
				68F2DD3D2BD683CA0085E03A /* HomeView.swift */,
				68F2DD412BD685550085E03A /* ProfileView.swift */,
				68F2DD3F2BD6847A0085E03A /* MedsView.swift */,
				687E83DA2BD848C900D686D7 /* ConditionDetailView.swift */,
				687E83E22BD8DD6100D686D7 /* MedDetailView.swift */,
			);
			path = Views;
			sourceTree = "<group>";
		};
		68FFEABC2BCE48E60082AF59 /* ViewModels */ = {
			isa = PBXGroup;
			children = (
				68F2DD442BD69A520085E03A /* AuthViewModel.swift */,
				68F2DD482BD6C64B0085E03A /* UserViewModel.swift */,
				687E83D82BD81F7F00D686D7 /* ConditionViewModel.swift */,
				687E83E02BD889D800D686D7 /* MedViewModel.swift */,
			);
			path = ViewModels;
			sourceTree = "<group>";
		};
		68FFEAC12BCF3B6F0082AF59 /* Models */ = {
			isa = PBXGroup;
			children = (
				68F2DD372BD59AF00085E03A /* UserModel.swift */,
				687E83D62BD81EF700D686D7 /* ConditionModel.swift */,
				687E83DE2BD8897F00D686D7 /* MedModel.swift */,
				687E83E42BD8EE8600D686D7 /* RecordModel.swift */,
			);
			path = Models;
			sourceTree = "<group>";
		};
/* End PBXGroup section */

/* Begin PBXNativeTarget section */
		68FFEA6A2BCE0E2D0082AF59 /* HealthTracker */ = {
			isa = PBXNativeTarget;
			buildConfigurationList = 68FFEA792BCE0E300082AF59 /* Build configuration list for PBXNativeTarget "HealthTracker" */;
			buildPhases = (
				68FFEA672BCE0E2D0082AF59 /* Sources */,
				68FFEA682BCE0E2D0082AF59 /* Frameworks */,
				68FFEA692BCE0E2D0082AF59 /* Resources */,
			);
			buildRules = (
			);
			dependencies = (
			);
			name = HealthTracker;
			packageProductDependencies = (
				68FFEA7F2BCE15D00082AF59 /* FirebaseAnalytics */,
				68FFEA8B2BCE15D00082AF59 /* FirebaseAuth */,
				68FFEA8D2BCE15D00082AF59 /* FirebaseAuthCombine-Community */,
				68FFEA972BCE15D00082AF59 /* FirebaseFirestore */,
				68FFEA9B2BCE15D00082AF59 /* FirebaseFirestoreSwift */,
			);
			productName = HealthTracker;
			productReference = 68FFEA6B2BCE0E2D0082AF59 /* HealthTracker.app */;
			productType = "com.apple.product-type.application";
		};
/* End PBXNativeTarget section */

/* Begin PBXProject section */
		68FFEA632BCE0E2D0082AF59 /* Project object */ = {
			isa = PBXProject;
			attributes = {
				BuildIndependentTargetsInParallel = 1;
				LastSwiftUpdateCheck = 1520;
				LastUpgradeCheck = 1520;
				TargetAttributes = {
					68FFEA6A2BCE0E2D0082AF59 = {
						CreatedOnToolsVersion = 15.2;
					};
				};
			};
			buildConfigurationList = 68FFEA662BCE0E2D0082AF59 /* Build configuration list for PBXProject "HealthTracker" */;
			compatibilityVersion = "Xcode 14.0";
			developmentRegion = en;
			hasScannedForEncodings = 0;
			knownRegions = (
				en,
				Base,
			);
			mainGroup = 68FFEA622BCE0E2D0082AF59;
			packageReferences = (
				68FFEA7E2BCE15D00082AF59 /* XCRemoteSwiftPackageReference "firebase-ios-sdk" */,
			);
			productRefGroup = 68FFEA6C2BCE0E2D0082AF59 /* Products */;
			projectDirPath = "";
			projectRoot = "";
			targets = (
				68FFEA6A2BCE0E2D0082AF59 /* HealthTracker */,
			);
		};
/* End PBXProject section */

/* Begin PBXResourcesBuildPhase section */
		68FFEA692BCE0E2D0082AF59 /* Resources */ = {
			isa = PBXResourcesBuildPhase;
			buildActionMask = 2147483647;
			files = (
				68FFEA762BCE0E300082AF59 /* Preview Assets.xcassets in Resources */,
				68FFEA732BCE0E300082AF59 /* Assets.xcassets in Resources */,
				68FFEA7D2BCE13860082AF59 /* GoogleService-Info.plist in Resources */,
			);
			runOnlyForDeploymentPostprocessing = 0;
		};
/* End PBXResourcesBuildPhase section */

/* Begin PBXSourcesBuildPhase section */
		68FFEA672BCE0E2D0082AF59 /* Sources */ = {
			isa = PBXSourcesBuildPhase;
			buildActionMask = 2147483647;
			files = (
				68FFEAB72BCE3FE00082AF59 /* SignupView.swift in Sources */,
				68FFEA712BCE0E2D0082AF59 /* LandingView.swift in Sources */,
				68F2DD422BD685550085E03A /* ProfileView.swift in Sources */,
				687E83D72BD81EF700D686D7 /* ConditionModel.swift in Sources */,
				68F2DD3C2BD681C00085E03A /* MakeProfileView.swift in Sources */,
				68F2DD382BD59AF00085E03A /* UserModel.swift in Sources */,
				68FFEAC02BCEBD7A0082AF59 /* ConditionsView.swift in Sources */,
				687E83E52BD8EE8700D686D7 /* RecordModel.swift in Sources */,
				68F2DD3E2BD683CA0085E03A /* HomeView.swift in Sources */,
				687E83E12BD889D800D686D7 /* MedViewModel.swift in Sources */,
				687E83E32BD8DD6100D686D7 /* MedDetailView.swift in Sources */,
				687E83DB2BD848CA00D686D7 /* ConditionDetailView.swift in Sources */,
				68F2DD452BD69A520085E03A /* AuthViewModel.swift in Sources */,
				68F2DD492BD6C64B0085E03A /* UserViewModel.swift in Sources */,
				68FFEAB92BCE40CA0082AF59 /* LoginView.swift in Sources */,
				687E83D92BD81F7F00D686D7 /* ConditionViewModel.swift in Sources */,
				68FFEA6F2BCE0E2D0082AF59 /* HealthTrackerApp.swift in Sources */,
				68F2DD402BD6847A0085E03A /* MedsView.swift in Sources */,
				687E83DF2BD8897F00D686D7 /* MedModel.swift in Sources */,
			);
			runOnlyForDeploymentPostprocessing = 0;
		};
/* End PBXSourcesBuildPhase section */

/* Begin XCBuildConfiguration section */
		68FFEA772BCE0E300082AF59 /* Debug */ = {
			isa = XCBuildConfiguration;
			buildSettings = {
				ALWAYS_SEARCH_USER_PATHS = NO;
				ASSETCATALOG_COMPILER_GENERATE_SWIFT_ASSET_SYMBOL_EXTENSIONS = YES;
				CLANG_ANALYZER_NONNULL = YES;
				CLANG_ANALYZER_NUMBER_OBJECT_CONVERSION = YES_AGGRESSIVE;
				CLANG_CXX_LANGUAGE_STANDARD = "gnu++20";
				CLANG_ENABLE_MODULES = YES;
				CLANG_ENABLE_OBJC_ARC = YES;
				CLANG_ENABLE_OBJC_WEAK = YES;
				CLANG_WARN_BLOCK_CAPTURE_AUTORELEASING = YES;
				CLANG_WARN_BOOL_CONVERSION = YES;
				CLANG_WARN_COMMA = YES;
				CLANG_WARN_CONSTANT_CONVERSION = YES;
				CLANG_WARN_DEPRECATED_OBJC_IMPLEMENTATIONS = YES;
				CLANG_WARN_DIRECT_OBJC_ISA_USAGE = YES_ERROR;
				CLANG_WARN_DOCUMENTATION_COMMENTS = YES;
				CLANG_WARN_EMPTY_BODY = YES;
				CLANG_WARN_ENUM_CONVERSION = YES;
				CLANG_WARN_INFINITE_RECURSION = YES;
				CLANG_WARN_INT_CONVERSION = YES;
				CLANG_WARN_NON_LITERAL_NULL_CONVERSION = YES;
				CLANG_WARN_OBJC_IMPLICIT_RETAIN_SELF = YES;
				CLANG_WARN_OBJC_LITERAL_CONVERSION = YES;
				CLANG_WARN_OBJC_ROOT_CLASS = YES_ERROR;
				CLANG_WARN_QUOTED_INCLUDE_IN_FRAMEWORK_HEADER = YES;
				CLANG_WARN_RANGE_LOOP_ANALYSIS = YES;
				CLANG_WARN_STRICT_PROTOTYPES = YES;
				CLANG_WARN_SUSPICIOUS_MOVE = YES;
				CLANG_WARN_UNGUARDED_AVAILABILITY = YES_AGGRESSIVE;
				CLANG_WARN_UNREACHABLE_CODE = YES;
				CLANG_WARN__DUPLICATE_METHOD_MATCH = YES;
				COPY_PHASE_STRIP = NO;
				DEBUG_INFORMATION_FORMAT = dwarf;
				ENABLE_STRICT_OBJC_MSGSEND = YES;
				ENABLE_TESTABILITY = YES;
				ENABLE_USER_SCRIPT_SANDBOXING = YES;
				GCC_C_LANGUAGE_STANDARD = gnu17;
				GCC_DYNAMIC_NO_PIC = NO;
				GCC_NO_COMMON_BLOCKS = YES;
				GCC_OPTIMIZATION_LEVEL = 0;
				GCC_PREPROCESSOR_DEFINITIONS = (
					"DEBUG=1",
					"$(inherited)",
				);
				GCC_WARN_64_TO_32_BIT_CONVERSION = YES;
				GCC_WARN_ABOUT_RETURN_TYPE = YES_ERROR;
				GCC_WARN_UNDECLARED_SELECTOR = YES;
				GCC_WARN_UNINITIALIZED_AUTOS = YES_AGGRESSIVE;
				GCC_WARN_UNUSED_FUNCTION = YES;
				GCC_WARN_UNUSED_VARIABLE = YES;
				IPHONEOS_DEPLOYMENT_TARGET = 17.2;
				LOCALIZATION_PREFERS_STRING_CATALOGS = YES;
				MTL_ENABLE_DEBUG_INFO = INCLUDE_SOURCE;
				MTL_FAST_MATH = YES;
				ONLY_ACTIVE_ARCH = YES;
				SDKROOT = iphoneos;
				SWIFT_ACTIVE_COMPILATION_CONDITIONS = "DEBUG $(inherited)";
				SWIFT_OPTIMIZATION_LEVEL = "-Onone";
			};
			name = Debug;
		};
		68FFEA782BCE0E300082AF59 /* Release */ = {
			isa = XCBuildConfiguration;
			buildSettings = {
				ALWAYS_SEARCH_USER_PATHS = NO;
				ASSETCATALOG_COMPILER_GENERATE_SWIFT_ASSET_SYMBOL_EXTENSIONS = YES;
				CLANG_ANALYZER_NONNULL = YES;
				CLANG_ANALYZER_NUMBER_OBJECT_CONVERSION = YES_AGGRESSIVE;
				CLANG_CXX_LANGUAGE_STANDARD = "gnu++20";
				CLANG_ENABLE_MODULES = YES;
				CLANG_ENABLE_OBJC_ARC = YES;
				CLANG_ENABLE_OBJC_WEAK = YES;
				CLANG_WARN_BLOCK_CAPTURE_AUTORELEASING = YES;
				CLANG_WARN_BOOL_CONVERSION = YES;
				CLANG_WARN_COMMA = YES;
				CLANG_WARN_CONSTANT_CONVERSION = YES;
				CLANG_WARN_DEPRECATED_OBJC_IMPLEMENTATIONS = YES;
				CLANG_WARN_DIRECT_OBJC_ISA_USAGE = YES_ERROR;
				CLANG_WARN_DOCUMENTATION_COMMENTS = YES;
				CLANG_WARN_EMPTY_BODY = YES;
				CLANG_WARN_ENUM_CONVERSION = YES;
				CLANG_WARN_INFINITE_RECURSION = YES;
				CLANG_WARN_INT_CONVERSION = YES;
				CLANG_WARN_NON_LITERAL_NULL_CONVERSION = YES;
				CLANG_WARN_OBJC_IMPLICIT_RETAIN_SELF = YES;
				CLANG_WARN_OBJC_LITERAL_CONVERSION = YES;
				CLANG_WARN_OBJC_ROOT_CLASS = YES_ERROR;
				CLANG_WARN_QUOTED_INCLUDE_IN_FRAMEWORK_HEADER = YES;
				CLANG_WARN_RANGE_LOOP_ANALYSIS = YES;
				CLANG_WARN_STRICT_PROTOTYPES = YES;
				CLANG_WARN_SUSPICIOUS_MOVE = YES;
				CLANG_WARN_UNGUARDED_AVAILABILITY = YES_AGGRESSIVE;
				CLANG_WARN_UNREACHABLE_CODE = YES;
				CLANG_WARN__DUPLICATE_METHOD_MATCH = YES;
				COPY_PHASE_STRIP = NO;
				DEBUG_INFORMATION_FORMAT = "dwarf-with-dsym";
				ENABLE_NS_ASSERTIONS = NO;
				ENABLE_STRICT_OBJC_MSGSEND = YES;
				ENABLE_USER_SCRIPT_SANDBOXING = YES;
				GCC_C_LANGUAGE_STANDARD = gnu17;
				GCC_NO_COMMON_BLOCKS = YES;
				GCC_WARN_64_TO_32_BIT_CONVERSION = YES;
				GCC_WARN_ABOUT_RETURN_TYPE = YES_ERROR;
				GCC_WARN_UNDECLARED_SELECTOR = YES;
				GCC_WARN_UNINITIALIZED_AUTOS = YES_AGGRESSIVE;
				GCC_WARN_UNUSED_FUNCTION = YES;
				GCC_WARN_UNUSED_VARIABLE = YES;
				IPHONEOS_DEPLOYMENT_TARGET = 17.2;
				LOCALIZATION_PREFERS_STRING_CATALOGS = YES;
				MTL_ENABLE_DEBUG_INFO = NO;
				MTL_FAST_MATH = YES;
				SDKROOT = iphoneos;
				SWIFT_COMPILATION_MODE = wholemodule;
				VALIDATE_PRODUCT = YES;
			};
			name = Release;
		};
		68FFEA7A2BCE0E300082AF59 /* Debug */ = {
			isa = XCBuildConfiguration;
			buildSettings = {
				ASSETCATALOG_COMPILER_APPICON_NAME = AppIcon;
				ASSETCATALOG_COMPILER_GLOBAL_ACCENT_COLOR_NAME = AccentColor;
				CODE_SIGN_ENTITLEMENTS = HealthTracker/HealthTracker.entitlements;
				CODE_SIGN_STYLE = Automatic;
				CURRENT_PROJECT_VERSION = 1;
				DEVELOPMENT_ASSET_PATHS = "\"HealthTracker/Preview Content\"";
				ENABLE_PREVIEWS = YES;
				GENERATE_INFOPLIST_FILE = YES;
				INFOPLIST_KEY_UIApplicationSceneManifest_Generation = YES;
				INFOPLIST_KEY_UIApplicationSupportsIndirectInputEvents = YES;
				INFOPLIST_KEY_UILaunchScreen_Generation = YES;
				INFOPLIST_KEY_UISupportedInterfaceOrientations_iPad = "UIInterfaceOrientationPortrait UIInterfaceOrientationPortraitUpsideDown UIInterfaceOrientationLandscapeLeft UIInterfaceOrientationLandscapeRight";
				INFOPLIST_KEY_UISupportedInterfaceOrientations_iPhone = "UIInterfaceOrientationPortrait UIInterfaceOrientationLandscapeLeft UIInterfaceOrientationLandscapeRight";
				LD_RUNPATH_SEARCH_PATHS = (
					"$(inherited)",
					"@executable_path/Frameworks",
				);
				MARKETING_VERSION = 1.0;
				PRODUCT_BUNDLE_IDENTIFIER = cpsc5340.HealthTracker;
				PRODUCT_NAME = "$(TARGET_NAME)";
				SWIFT_EMIT_LOC_STRINGS = YES;
				SWIFT_VERSION = 5.0;
				TARGETED_DEVICE_FAMILY = "1,2";
			};
			name = Debug;
		};
		68FFEA7B2BCE0E300082AF59 /* Release */ = {
			isa = XCBuildConfiguration;
			buildSettings = {
				ASSETCATALOG_COMPILER_APPICON_NAME = AppIcon;
				ASSETCATALOG_COMPILER_GLOBAL_ACCENT_COLOR_NAME = AccentColor;
				CODE_SIGN_ENTITLEMENTS = HealthTracker/HealthTracker.entitlements;
				CODE_SIGN_STYLE = Automatic;
				CURRENT_PROJECT_VERSION = 1;
				DEVELOPMENT_ASSET_PATHS = "\"HealthTracker/Preview Content\"";
				ENABLE_PREVIEWS = YES;
				GENERATE_INFOPLIST_FILE = YES;
				INFOPLIST_KEY_UIApplicationSceneManifest_Generation = YES;
				INFOPLIST_KEY_UIApplicationSupportsIndirectInputEvents = YES;
				INFOPLIST_KEY_UILaunchScreen_Generation = YES;
				INFOPLIST_KEY_UISupportedInterfaceOrientations_iPad = "UIInterfaceOrientationPortrait UIInterfaceOrientationPortraitUpsideDown UIInterfaceOrientationLandscapeLeft UIInterfaceOrientationLandscapeRight";
				INFOPLIST_KEY_UISupportedInterfaceOrientations_iPhone = "UIInterfaceOrientationPortrait UIInterfaceOrientationLandscapeLeft UIInterfaceOrientationLandscapeRight";
				LD_RUNPATH_SEARCH_PATHS = (
					"$(inherited)",
					"@executable_path/Frameworks",
				);
				MARKETING_VERSION = 1.0;
				PRODUCT_BUNDLE_IDENTIFIER = cpsc5340.HealthTracker;
				PRODUCT_NAME = "$(TARGET_NAME)";
				SWIFT_EMIT_LOC_STRINGS = YES;
				SWIFT_VERSION = 5.0;
				TARGETED_DEVICE_FAMILY = "1,2";
			};
			name = Release;
		};
/* End XCBuildConfiguration section */

/* Begin XCConfigurationList section */
		68FFEA662BCE0E2D0082AF59 /* Build configuration list for PBXProject "HealthTracker" */ = {
			isa = XCConfigurationList;
			buildConfigurations = (
				68FFEA772BCE0E300082AF59 /* Debug */,
				68FFEA782BCE0E300082AF59 /* Release */,
			);
			defaultConfigurationIsVisible = 0;
			defaultConfigurationName = Release;
		};
		68FFEA792BCE0E300082AF59 /* Build configuration list for PBXNativeTarget "HealthTracker" */ = {
			isa = XCConfigurationList;
			buildConfigurations = (
				68FFEA7A2BCE0E300082AF59 /* Debug */,
				68FFEA7B2BCE0E300082AF59 /* Release */,
			);
			defaultConfigurationIsVisible = 0;
			defaultConfigurationName = Release;
		};
/* End XCConfigurationList section */

/* Begin XCRemoteSwiftPackageReference section */
		68FFEA7E2BCE15D00082AF59 /* XCRemoteSwiftPackageReference "firebase-ios-sdk" */ = {
			isa = XCRemoteSwiftPackageReference;
			repositoryURL = "https://github.com/firebase/firebase-ios-sdk";
			requirement = {
				kind = upToNextMajorVersion;
				minimumVersion = 10.24.0;
			};
		};
/* End XCRemoteSwiftPackageReference section */

/* Begin XCSwiftPackageProductDependency section */
		68FFEA7F2BCE15D00082AF59 /* FirebaseAnalytics */ = {
			isa = XCSwiftPackageProductDependency;
			package = 68FFEA7E2BCE15D00082AF59 /* XCRemoteSwiftPackageReference "firebase-ios-sdk" */;
			productName = FirebaseAnalytics;
		};
		68FFEA8B2BCE15D00082AF59 /* FirebaseAuth */ = {
			isa = XCSwiftPackageProductDependency;
			package = 68FFEA7E2BCE15D00082AF59 /* XCRemoteSwiftPackageReference "firebase-ios-sdk" */;
			productName = FirebaseAuth;
		};
		68FFEA8D2BCE15D00082AF59 /* FirebaseAuthCombine-Community */ = {
			isa = XCSwiftPackageProductDependency;
			package = 68FFEA7E2BCE15D00082AF59 /* XCRemoteSwiftPackageReference "firebase-ios-sdk" */;
			productName = "FirebaseAuthCombine-Community";
		};
		68FFEA972BCE15D00082AF59 /* FirebaseFirestore */ = {
			isa = XCSwiftPackageProductDependency;
			package = 68FFEA7E2BCE15D00082AF59 /* XCRemoteSwiftPackageReference "firebase-ios-sdk" */;
			productName = FirebaseFirestore;
		};
		68FFEA9B2BCE15D00082AF59 /* FirebaseFirestoreSwift */ = {
			isa = XCSwiftPackageProductDependency;
			package = 68FFEA7E2BCE15D00082AF59 /* XCRemoteSwiftPackageReference "firebase-ios-sdk" */;
			productName = FirebaseFirestoreSwift;
		};
/* End XCSwiftPackageProductDependency section */
	};
	rootObject = 68FFEA632BCE0E2D0082AF59 /* Project object */;
}
